{
  "name": "token",
  "lockfileVersion": 2,
  "requires": true,
  "packages": {
    "": {
      "dependencies": {
        "jsrsasign-util": "^1.0.5",
        "jwt-simple": "^0.5.6"
      }
    },
    "node_modules/jsonc-parser": {
      "version": "3.2.0",
      "resolved": "https://registry.npmjs.org/jsonc-parser/-/jsonc-parser-3.2.0.tgz",
      "integrity": "sha512-gfFQZrcTc8CnKXp6Y4/CBT3fTc0OVuDofpre4aEeEpSBPV5X5v4+Vmx+8snU7RLPrNHPKSgLxGo9YuQzz20o+w=="
    },
    "node_modules/jsrsasign": {
      "version": "10.5.27",
      "resolved": "https://registry.npmjs.org/jsrsasign/-/jsrsasign-10.5.27.tgz",
      "integrity": "sha512-1F4LmDeJZHYwoVvB44jEo2uZL3XuwYNzXCDOu53Ui6vqofGQ/gCYDmaxfVZtN0TGd92UKXr/BONcfrPonUIcQQ==",
      "funding": {
        "url": "https://github.com/kjur/jsrsasign#donations"
      }
    },
    "node_modules/jsrsasign-util": {
      "version": "1.0.5",
      "resolved": "https://registry.npmjs.org/jsrsasign-util/-/jsrsasign-util-1.0.5.tgz",
      "integrity": "sha512-e5Kp8aaT5GH2c5X8j4uaJruYmT4GcnaGb47nw8m60YqPywtnOtTISZ9hZgtZ3a+jh7B27bU2LCf3Y32wZyfhtQ==",
      "dependencies": {
        "jsonc-parser": ">= 0.0.1",
        "jsrsasign": ">= 4.8.2"
      }
    },
    "node_modules/jwt-simple": {
      "version": "0.5.6",
      "resolved": "https://registry.npmjs.org/jwt-simple/-/jwt-simple-0.5.6.tgz",
      "integrity": "sha512-40aUybvhH9t2h71ncA1/1SbtTNCVZHgsTsTgqPUxGWDmUDrXyDf2wMNQKEbdBjbf4AI+fQhbECNTV6lWxQKUzg==",
      "engines": {
        "node": ">= 0.4.0"
      }
    }
  },
  "dependencies": {
    "jsonc-parser": {
      "version": "3.2.0",
      "resolved": "https://registry.npmjs.org/jsonc-parser/-/jsonc-parser-3.2.0.tgz",
      "integrity": "sha512-gfFQZrcTc8CnKXp6Y4/CBT3fTc0OVuDofpre4aEeEpSBPV5X5v4+Vmx+8snU7RLPrNHPKSgLxGo9YuQzz20o+w=="
    },
    "jsrsasign": {
      "version": "10.5.27",
      "resolved": "https://registry.npmjs.org/jsrsasign/-/jsrsasign-10.5.27.tgz",
      "integrity": "sha512-1F4LmDeJZHYwoVvB44jEo2uZL3XuwYNzXCDOu53Ui6vqofGQ/gCYDmaxfVZtN0TGd92UKXr/BONcfrPonUIcQQ=="
    },
    "jsrsasign-util": {
      "version": "1.0.5",
      "resolved": "https://registry.npmjs.org/jsrsasign-util/-/jsrsasign-util-1.0.5.tgz",
      "integrity": "sha512-e5Kp8aaT5GH2c5X8j4uaJruYmT4GcnaGb47nw8m60YqPywtnOtTISZ9hZgtZ3a+jh7B27bU2LCf3Y32wZyfhtQ==",
      "requires": {
        "jsonc-parser": ">= 0.0.1",
        "jsrsasign": ">= 4.8.2"
      }
    },
    "jwt-simple": {
      "version": "0.5.6",
      "resolved": "https://registry.npmjs.org/jwt-simple/-/jwt-simple-0.5.6.tgz",
      "integrity": "sha512-40aUybvhH9t2h71ncA1/1SbtTNCVZHgsTsTgqPUxGWDmUDrXyDf2wMNQKEbdBjbf4AI+fQhbECNTV6lWxQKUzg=="
    }
  }
}
